
Microsoft Visual Studio Solution File, Format Version 12.00
# Visual Studio Version 17
VisualStudioVersion = 17.0.32014.148
MinimumVisualStudioVersion = 10.0.40219.1
Project("{FAE04EC0-301F-11D3-BF4B-00C04F79EFBC}") = "HMP.DataObjects.SisGDWeb", "..\HMP.DataObjects.SisGDWeb\HMP.DataObjects.SisGDWeb.csproj", "{3393FC44-ADBF-406C-AF26-83B21EAD39F5}"
EndProject
Project("{E24C65DC-7377-472B-9ABA-BC803B73C61A}") = "SisGNCWeb-Site/DocWeb2", "http://localhost/DocWeb2", "{1EF0041F-6D38-4456-82A8-14C889E74F54}"
	ProjectSection(WebsiteProperties) = preProject
		UseIISExpress = "false"
		TargetFrameworkMoniker = ".NETFramework,Version%3Dv4.5.2"
		ProjectReferences = "{3393fc44-adbf-406c-af26-83b21ead39f5}|HMP.DataObjects.SisGDWeb.dll;"
		Debug.AspNetCompiler.VirtualPath = "/DocWeb2"
		Debug.AspNetCompiler.PhysicalPath = "..\SisGDWeb2\"
		Debug.AspNetCompiler.TargetPath = "PrecompiledWeb\DocWeb2\"
		Debug.AspNetCompiler.Updateable = "true"
		Debug.AspNetCompiler.ForceOverwrite = "true"
		Debug.AspNetCompiler.FixedNames = "false"
		Debug.AspNetCompiler.Debug = "True"
		Release.AspNetCompiler.VirtualPath = "/DocWeb2"
		Release.AspNetCompiler.PhysicalPath = "..\SisGDWeb2\"
		Release.AspNetCompiler.TargetPath = "PrecompiledWeb\DocWeb2\"
		Release.AspNetCompiler.Updateable = "true"
		Release.AspNetCompiler.ForceOverwrite = "true"
		Release.AspNetCompiler.FixedNames = "false"
		Release.AspNetCompiler.Debug = "False"
		SlnRelativePath = "..\SisGDWeb2\"
	EndProjectSection
EndProject
Global
	GlobalSection(SolutionConfigurationPlatforms) = preSolution
		Debug|Any CPU = Debug|Any CPU
		Release|Any CPU = Release|Any CPU
	EndGlobalSection
	GlobalSection(ProjectConfigurationPlatforms) = postSolution
		{3393FC44-ADBF-406C-AF26-83B21EAD39F5}.Debug|Any CPU.ActiveCfg = Debug|Any CPU
		{3393FC44-ADBF-406C-AF26-83B21EAD39F5}.Debug|Any CPU.Build.0 = Debug|Any CPU
		{3393FC44-ADBF-406C-AF26-83B21EAD39F5}.Release|Any CPU.ActiveCfg = Release|Any CPU
		{3393FC44-ADBF-406C-AF26-83B21EAD39F5}.Release|Any CPU.Build.0 = Release|Any CPU
		{1EF0041F-6D38-4456-82A8-14C889E74F54}.Debug|Any CPU.ActiveCfg = Debug|Any CPU
		{1EF0041F-6D38-4456-82A8-14C889E74F54}.Debug|Any CPU.Build.0 = Debug|Any CPU
		{1EF0041F-6D38-4456-82A8-14C889E74F54}.Release|Any CPU.ActiveCfg = Debug|Any CPU
		{1EF0041F-6D38-4456-82A8-14C889E74F54}.Release|Any CPU.Build.0 = Debug|Any CPU
	EndGlobalSection
	GlobalSection(SolutionProperties) = preSolution
		HideSolutionNode = FALSE
	EndGlobalSection
	GlobalSection(ExtensibilityGlobals) = postSolution
		SolutionGuid = {A4784275-7BF8-4A23-AF3F-4F127C9A0896}
	EndGlobalSection
EndGlobal
